
Microsoft Visual Studio Solution File, Format Version 12.00
# Visual Studio Version 16
VisualStudioVersion = 16.0.30717.126
MinimumVisualStudioVersion = 10.0.40219.1
Project("{FAE04EC0-301F-11D3-BF4B-00C04F79EFBC}") = "NameSorter", "NameSorter\NameSorter.csproj", "{AF593FF1-CEDC-41CF-8AF4-2EB48A49DB19}"
EndProject
Project("{FAE04EC0-301F-11D3-BF4B-00C04F79EFBC}") = "NameSorter.Test", "NameSorter.Test\NameSorter.Test.csproj", "{7047A083-DFE3-4B7C-9DE4-37971B144193}"
EndProject
Global
	GlobalSection(SolutionConfigurationPlatforms) = preSolution
		Debug|Any CPU = Debug|Any CPU
		Release|Any CPU = Release|Any CPU
	EndGlobalSection
	GlobalSection(ProjectConfigurationPlatforms) = postSolution
		{AF593FF1-CEDC-41CF-8AF4-2EB48A49DB19}.Debug|Any CPU.ActiveCfg = Debug|Any CPU
		{AF593FF1-CEDC-41CF-8AF4-2EB48A49DB19}.Debug|Any CPU.Build.0 = Debug|Any CPU
		{AF593FF1-CEDC-41CF-8AF4-2EB48A49DB19}.Release|Any CPU.ActiveCfg = Release|Any CPU
		{AF593FF1-CEDC-41CF-8AF4-2EB48A49DB19}.Release|Any CPU.Build.0 = Release|Any CPU
		{7047A083-DFE3-4B7C-9DE4-37971B144193}.Debug|Any CPU.ActiveCfg = Debug|Any CPU
		{7047A083-DFE3-4B7C-9DE4-37971B144193}.Debug|Any CPU.Build.0 = Debug|Any CPU
		{7047A083-DFE3-4B7C-9DE4-37971B144193}.Release|Any CPU.ActiveCfg = Release|Any CPU
		{7047A083-DFE3-4B7C-9DE4-37971B144193}.Release|Any CPU.Build.0 = Release|Any CPU
	EndGlobalSection
	GlobalSection(SolutionProperties) = preSolution
		HideSolutionNode = FALSE
	EndGlobalSection
	GlobalSection(ExtensibilityGlobals) = postSolution
		SolutionGuid = {FE33D4CC-49D1-4F08-9F9E-F2CDB40F2689}
	EndGlobalSection
EndGlobal
